// !$*UTF8*$!
{
	archiveVersion = 1;
	classes = {
	};
	objectVersion = 56;
	objects = {

/* Begin PBXBuildFile section */
		6A4A21772A53EDE3007DBCCE /* EducationViewController.swift in Sources */ = {isa = PBXBuildFile; fileRef = 6A4A21762A53EDE3007DBCCE /* EducationViewController.swift */; };
		6A4A21792A53EE7C007DBCCE /* CareerViewController.swift in Sources */ = {isa = PBXBuildFile; fileRef = 6A4A21782A53EE7C007DBCCE /* CareerViewController.swift */; };
		6A4A217C2A53FB18007DBCCE /* Entry.swift in Sources */ = {isa = PBXBuildFile; fileRef = 6A4A217B2A53FB18007DBCCE /* Entry.swift */; };
		6A4A217E2A55808F007DBCCE /* Extensions.swift in Sources */ = {isa = PBXBuildFile; fileRef = 6A4A217D2A55808F007DBCCE /* Extensions.swift */; };
		6A6F795F2A4998E300D48342 /* AppDelegate.swift in Sources */ = {isa = PBXBuildFile; fileRef = 6A6F795E2A4998E300D48342 /* AppDelegate.swift */; };
		6A6F79612A4998E400D48342 /* SceneDelegate.swift in Sources */ = {isa = PBXBuildFile; fileRef = 6A6F79602A4998E400D48342 /* SceneDelegate.swift */; };
		6A6F79632A4998E400D48342 /* LoginViewController.swift in Sources */ = {isa = PBXBuildFile; fileRef = 6A6F79622A4998E400D48342 /* LoginViewController.swift */; };
		6A6F79662A4998E400D48342 /* Main.storyboard in Resources */ = {isa = PBXBuildFile; fileRef = 6A6F79642A4998E400D48342 /* Main.storyboard */; };
		6A6F79682A4998E500D48342 /* Assets.xcassets in Resources */ = {isa = PBXBuildFile; fileRef = 6A6F79672A4998E500D48342 /* Assets.xcassets */; };
		6A6F796B2A4998E500D48342 /* LaunchScreen.storyboard in Resources */ = {isa = PBXBuildFile; fileRef = 6A6F79692A4998E500D48342 /* LaunchScreen.storyboard */; };
		6AB7F82E2A5801C30026E5DC /* MockData.swift in Sources */ = {isa = PBXBuildFile; fileRef = 6AB7F82D2A5801C30026E5DC /* MockData.swift */; };
		6AECD2752A4ABA9500D10328 /* WelcomeViewController.swift in Sources */ = {isa = PBXBuildFile; fileRef = 6AECD2742A4ABA9500D10328 /* WelcomeViewController.swift */; };
		6AECD2772A4ED7FF00D10328 /* PersonalViewController.swift in Sources */ = {isa = PBXBuildFile; fileRef = 6AECD2762A4ED7FF00D10328 /* PersonalViewController.swift */; };
		6AECD2792A4EED9A00D10328 /* SwiftStudyViewController.swift in Sources */ = {isa = PBXBuildFile; fileRef = 6AECD2782A4EED9A00D10328 /* SwiftStudyViewController.swift */; };
/* End PBXBuildFile section */

/* Begin PBXFileReference section */
		6A4A21762A53EDE3007DBCCE /* EducationViewController.swift */ = {isa = PBXFileReference; lastKnownFileType = sourcecode.swift; path = EducationViewController.swift; sourceTree = "<group>"; };
		6A4A21782A53EE7C007DBCCE /* CareerViewController.swift */ = {isa = PBXFileReference; lastKnownFileType = sourcecode.swift; path = CareerViewController.swift; sourceTree = "<group>"; };
		6A4A217B2A53FB18007DBCCE /* Entry.swift */ = {isa = PBXFileReference; lastKnownFileType = sourcecode.swift; path = Entry.swift; sourceTree = "<group>"; };
		6A4A217D2A55808F007DBCCE /* Extensions.swift */ = {isa = PBXFileReference; lastKnownFileType = sourcecode.swift; path = Extensions.swift; sourceTree = "<group>"; };
		6A6F795B2A4998E300D48342 /* Lesson 2.06_AboutMeApp.app */ = {isa = PBXFileReference; explicitFileType = wrapper.application; includeInIndex = 0; path = "Lesson 2.06_AboutMeApp.app"; sourceTree = BUILT_PRODUCTS_DIR; };
		6A6F795E2A4998E300D48342 /* AppDelegate.swift */ = {isa = PBXFileReference; lastKnownFileType = sourcecode.swift; path = AppDelegate.swift; sourceTree = "<group>"; };
		6A6F79602A4998E400D48342 /* SceneDelegate.swift */ = {isa = PBXFileReference; lastKnownFileType = sourcecode.swift; path = SceneDelegate.swift; sourceTree = "<group>"; };
		6A6F79622A4998E400D48342 /* LoginViewController.swift */ = {isa = PBXFileReference; lastKnownFileType = sourcecode.swift; path = LoginViewController.swift; sourceTree = "<group>"; };
		6A6F79652A4998E400D48342 /* Base */ = {isa = PBXFileReference; lastKnownFileType = file.storyboard; name = Base; path = Base.lproj/Main.storyboard; sourceTree = "<group>"; };
		6A6F79672A4998E500D48342 /* Assets.xcassets */ = {isa = PBXFileReference; lastKnownFileType = folder.assetcatalog; path = Assets.xcassets; sourceTree = "<group>"; };
		6A6F796A2A4998E500D48342 /* Base */ = {isa = PBXFileReference; lastKnownFileType = file.storyboard; name = Base; path = Base.lproj/LaunchScreen.storyboard; sourceTree = "<group>"; };
		6A6F796C2A4998E500D48342 /* Info.plist */ = {isa = PBXFileReference; lastKnownFileType = text.plist.xml; path = Info.plist; sourceTree = "<group>"; };
		6AB7F82D2A5801C30026E5DC /* MockData.swift */ = {isa = PBXFileReference; lastKnownFileType = sourcecode.swift; path = MockData.swift; sourceTree = "<group>"; };
		6AECD2742A4ABA9500D10328 /* WelcomeViewController.swift */ = {isa = PBXFileReference; lastKnownFileType = sourcecode.swift; path = WelcomeViewController.swift; sourceTree = "<group>"; };
		6AECD2762A4ED7FF00D10328 /* PersonalViewController.swift */ = {isa = PBXFileReference; lastKnownFileType = sourcecode.swift; path = PersonalViewController.swift; sourceTree = "<group>"; };
		6AECD2782A4EED9A00D10328 /* SwiftStudyViewController.swift */ = {isa = PBXFileReference; lastKnownFileType = sourcecode.swift; path = SwiftStudyViewController.swift; sourceTree = "<group>"; };
/* End PBXFileReference section */

/* Begin PBXFrameworksBuildPhase section */
		6A6F79582A4998E300D48342 /* Frameworks */ = {
			isa = PBXFrameworksBuildPhase;
			buildActionMask = 2147483647;
			files = (
			);
			runOnlyForDeploymentPostprocessing = 0;
		};
/* End PBXFrameworksBuildPhase section */

/* Begin PBXGroup section */
		6A4A21722A53EC4C007DBCCE /* ViewControllers */ = {
			isa = PBXGroup;
			children = (
				6A6F79622A4998E400D48342 /* LoginViewController.swift */,
				6AECD2742A4ABA9500D10328 /* WelcomeViewController.swift */,
				6AECD2762A4ED7FF00D10328 /* PersonalViewController.swift */,
				6A4A21762A53EDE3007DBCCE /* EducationViewController.swift */,
				6AECD2782A4EED9A00D10328 /* SwiftStudyViewController.swift */,
				6A4A21782A53EE7C007DBCCE /* CareerViewController.swift */,
				6A4A217D2A55808F007DBCCE /* Extensions.swift */,
			);
			path = ViewControllers;
			sourceTree = "<group>";
		};
		6A4A21732A53ECD2007DBCCE /* Storyboards */ = {
			isa = PBXGroup;
			children = (
				6A6F79642A4998E400D48342 /* Main.storyboard */,
				6A6F79692A4998E500D48342 /* LaunchScreen.storyboard */,
			);
			path = Storyboards;
			sourceTree = "<group>";
		};
		6A4A21742A53ED06007DBCCE /* Config */ = {
			isa = PBXGroup;
			children = (
				6A6F796C2A4998E500D48342 /* Info.plist */,
				6A6F795E2A4998E300D48342 /* AppDelegate.swift */,
				6A6F79602A4998E400D48342 /* SceneDelegate.swift */,
			);
			path = Config;
			sourceTree = "<group>";
		};
		6A4A21752A53ED7F007DBCCE /* Resources */ = {
			isa = PBXGroup;
			children = (
				6A6F79672A4998E500D48342 /* Assets.xcassets */,
			);
			path = Resources;
			sourceTree = "<group>";
		};
		6A4A217A2A53F8F8007DBCCE /* Models */ = {
			isa = PBXGroup;
			children = (
				6A4A217B2A53FB18007DBCCE /* Entry.swift */,
				6AB7F82D2A5801C30026E5DC /* MockData.swift */,
			);
			path = Models;
			sourceTree = "<group>";
		};
		6A6F79522A4998E300D48342 = {
			isa = PBXGroup;
			children = (
				6A6F795D2A4998E300D48342 /* Lesson 2.06_AboutMeApp */,
				6A6F795C2A4998E300D48342 /* Products */,
			);
			sourceTree = "<group>";
		};
		6A6F795C2A4998E300D48342 /* Products */ = {
			isa = PBXGroup;
			children = (
				6A6F795B2A4998E300D48342 /* Lesson 2.06_AboutMeApp.app */,
			);
			name = Products;
			sourceTree = "<group>";
		};
		6A6F795D2A4998E300D48342 /* Lesson 2.06_AboutMeApp */ = {
			isa = PBXGroup;
			children = (
				6A4A21742A53ED06007DBCCE /* Config */,
				6A4A21752A53ED7F007DBCCE /* Resources */,
				6A4A217A2A53F8F8007DBCCE /* Models */,
				6A4A21732A53ECD2007DBCCE /* Storyboards */,
				6A4A21722A53EC4C007DBCCE /* ViewControllers */,
			);
			path = "Lesson 2.06_AboutMeApp";
			sourceTree = "<group>";
		};
/* End PBXGroup section */

/* Begin PBXNativeTarget section */
		6A6F795A2A4998E300D48342 /* Lesson 2.06_AboutMeApp */ = {
			isa = PBXNativeTarget;
			buildConfigurationList = 6A6F796F2A4998E500D48342 /* Build configuration list for PBXNativeTarget "Lesson 2.06_AboutMeApp" */;
			buildPhases = (
				6A6F79572A4998E300D48342 /* Sources */,
				6A6F79582A4998E300D48342 /* Frameworks */,
				6A6F79592A4998E300D48342 /* Resources */,
			);
			buildRules = (
			);
			dependencies = (
			);
			name = "Lesson 2.06_AboutMeApp";
			productName = "Lesson 2.06_AboutMeApp";
			productReference = 6A6F795B2A4998E300D48342 /* Lesson 2.06_AboutMeApp.app */;
			productType = "com.apple.product-type.application";
		};
/* End PBXNativeTarget section */

/* Begin PBXProject section */
		6A6F79532A4998E300D48342 /* Project object */ = {
			isa = PBXProject;
			attributes = {
				BuildIndependentTargetsInParallel = 1;
				LastSwiftUpdateCheck = 1430;
				LastUpgradeCheck = 1430;
				TargetAttributes = {
					6A6F795A2A4998E300D48342 = {
						CreatedOnToolsVersion = 14.3.1;
					};
				};
			};
			buildConfigurationList = 6A6F79562A4998E300D48342 /* Build configuration list for PBXProject "Lesson 2.06_AboutMeApp" */;
			compatibilityVersion = "Xcode 14.0";
			developmentRegion = en;
			hasScannedForEncodings = 0;
			knownRegions = (
				en,
				Base,
			);
			mainGroup = 6A6F79522A4998E300D48342;
			productRefGroup = 6A6F795C2A4998E300D48342 /* Products */;
			projectDirPath = "";
			projectRoot = "";
			targets = (
				6A6F795A2A4998E300D48342 /* Lesson 2.06_AboutMeApp */,
			);
		};
/* End PBXProject section */

/* Begin PBXResourcesBuildPhase section */
		6A6F79592A4998E300D48342 /* Resources */ = {
			isa = PBXResourcesBuildPhase;
			buildActionMask = 2147483647;
			files = (
				6A6F796B2A4998E500D48342 /* LaunchScreen.storyboard in Resources */,
				6A6F79682A4998E500D48342 /* Assets.xcassets in Resources */,
				6A6F79662A4998E400D48342 /* Main.storyboard in Resources */,
			);
			runOnlyForDeploymentPostprocessing = 0;
		};
/* End PBXResourcesBuildPhase section */

/* Begin PBXSourcesBuildPhase section */
		6A6F79572A4998E300D48342 /* Sources */ = {
			isa = PBXSourcesBuildPhase;
			buildActionMask = 2147483647;
			files = (
				6A6F79632A4998E400D48342 /* LoginViewController.swift in Sources */,
				6AECD2772A4ED7FF00D10328 /* PersonalViewController.swift in Sources */,
				6A4A21772A53EDE3007DBCCE /* EducationViewController.swift in Sources */,
				6AECD2752A4ABA9500D10328 /* WelcomeViewController.swift in Sources */,
				6AECD2792A4EED9A00D10328 /* SwiftStudyViewController.swift in Sources */,
				6A4A217E2A55808F007DBCCE /* Extensions.swift in Sources */,
				6A6F795F2A4998E300D48342 /* AppDelegate.swift in Sources */,
				6A4A21792A53EE7C007DBCCE /* CareerViewController.swift in Sources */,
				6A6F79612A4998E400D48342 /* SceneDelegate.swift in Sources */,
				6AB7F82E2A5801C30026E5DC /* MockData.swift in Sources */,
				6A4A217C2A53FB18007DBCCE /* Entry.swift in Sources */,
			);
			runOnlyForDeploymentPostprocessing = 0;
		};
/* End PBXSourcesBuildPhase section */

/* Begin PBXVariantGroup section */
		6A6F79642A4998E400D48342 /* Main.storyboard */ = {
			isa = PBXVariantGroup;
			children = (
				6A6F79652A4998E400D48342 /* Base */,
			);
			name = Main.storyboard;
			sourceTree = "<group>";
		};
		6A6F79692A4998E500D48342 /* LaunchScreen.storyboard */ = {
			isa = PBXVariantGroup;
			children = (
				6A6F796A2A4998E500D48342 /* Base */,
			);
			name = LaunchScreen.storyboard;
			sourceTree = "<group>";
		};
/* End PBXVariantGroup section */

/* Begin XCBuildConfiguration section */
		6A6F796D2A4998E500D48342 /* Debug */ = {
			isa = XCBuildConfiguration;
			buildSettings = {
				ALWAYS_SEARCH_USER_PATHS = NO;
				CLANG_ANALYZER_NONNULL = YES;
				CLANG_ANALYZER_NUMBER_OBJECT_CONVERSION = YES_AGGRESSIVE;
				CLANG_CXX_LANGUAGE_STANDARD = "gnu++20";
				CLANG_ENABLE_MODULES = YES;
				CLANG_ENABLE_OBJC_ARC = YES;
				CLANG_ENABLE_OBJC_WEAK = YES;
				CLANG_WARN_BLOCK_CAPTURE_AUTORELEASING = YES;
				CLANG_WARN_BOOL_CONVERSION = YES;
				CLANG_WARN_COMMA = YES;
				CLANG_WARN_CONSTANT_CONVERSION = YES;
				CLANG_WARN_DEPRECATED_OBJC_IMPLEMENTATIONS = YES;
				CLANG_WARN_DIRECT_OBJC_ISA_USAGE = YES_ERROR;
				CLANG_WARN_DOCUMENTATION_COMMENTS = YES;
				CLANG_WARN_EMPTY_BODY = YES;
				CLANG_WARN_ENUM_CONVERSION = YES;
				CLANG_WARN_INFINITE_RECURSION = YES;
				CLANG_WARN_INT_CONVERSION = YES;
				CLANG_WARN_NON_LITERAL_NULL_CONVERSION = YES;
				CLANG_WARN_OBJC_IMPLICIT_RETAIN_SELF = YES;
				CLANG_WARN_OBJC_LITERAL_CONVERSION = YES;
				CLANG_WARN_OBJC_ROOT_CLASS = YES_ERROR;
				CLANG_WARN_QUOTED_INCLUDE_IN_FRAMEWORK_HEADER = YES;
				CLANG_WARN_RANGE_LOOP_ANALYSIS = YES;
				CLANG_WARN_STRICT_PROTOTYPES = YES;
				CLANG_WARN_SUSPICIOUS_MOVE = YES;
				CLANG_WARN_UNGUARDED_AVAILABILITY = YES_AGGRESSIVE;
				CLANG_WARN_UNREACHABLE_CODE = YES;
				CLANG_WARN__DUPLICATE_METHOD_MATCH = YES;
				COPY_PHASE_STRIP = NO;
				DEBUG_INFORMATION_FORMAT = dwarf;
				ENABLE_STRICT_OBJC_MSGSEND = YES;
				ENABLE_TESTABILITY = YES;
				GCC_C_LANGUAGE_STANDARD = gnu11;
				GCC_DYNAMIC_NO_PIC = NO;
				GCC_NO_COMMON_BLOCKS = YES;
				GCC_OPTIMIZATION_LEVEL = 0;
				GCC_PREPROCESSOR_DEFINITIONS = (
					"DEBUG=1",
					"$(inherited)",
				);
				GCC_WARN_64_TO_32_BIT_CONVERSION = YES;
				GCC_WARN_ABOUT_RETURN_TYPE = YES_ERROR;
				GCC_WARN_UNDECLARED_SELECTOR = YES;
				GCC_WARN_UNINITIALIZED_AUTOS = YES_AGGRESSIVE;
				GCC_WARN_UNUSED_FUNCTION = YES;
				GCC_WARN_UNUSED_VARIABLE = YES;
				IPHONEOS_DEPLOYMENT_TARGET = 16.4;
				MTL_ENABLE_DEBUG_INFO = INCLUDE_SOURCE;
				MTL_FAST_MATH = YES;
				ONLY_ACTIVE_ARCH = YES;
				SDKROOT = iphoneos;
				SWIFT_ACTIVE_COMPILATION_CONDITIONS = DEBUG;
				SWIFT_OPTIMIZATION_LEVEL = "-Onone";
			};
			name = Debug;
		};
		6A6F796E2A4998E500D48342 /* Release */ = {
			isa = XCBuildConfiguration;
			buildSettings = {
				ALWAYS_SEARCH_USER_PATHS = NO;
				CLANG_ANALYZER_NONNULL = YES;
				CLANG_ANALYZER_NUMBER_OBJECT_CONVERSION = YES_AGGRESSIVE;
				CLANG_CXX_LANGUAGE_STANDARD = "gnu++20";
				CLANG_ENABLE_MODULES = YES;
				CLANG_ENABLE_OBJC_ARC = YES;
				CLANG_ENABLE_OBJC_WEAK = YES;
				CLANG_WARN_BLOCK_CAPTURE_AUTORELEASING = YES;
				CLANG_WARN_BOOL_CONVERSION = YES;
				CLANG_WARN_COMMA = YES;
				CLANG_WARN_CONSTANT_CONVERSION = YES;
				CLANG_WARN_DEPRECATED_OBJC_IMPLEMENTATIONS = YES;
				CLANG_WARN_DIRECT_OBJC_ISA_USAGE = YES_ERROR;
				CLANG_WARN_DOCUMENTATION_COMMENTS = YES;
				CLANG_WARN_EMPTY_BODY = YES;
				CLANG_WARN_ENUM_CONVERSION = YES;
				CLANG_WARN_INFINITE_RECURSION = YES;
				CLANG_WARN_INT_CONVERSION = YES;
				CLANG_WARN_NON_LITERAL_NULL_CONVERSION = YES;
				CLANG_WARN_OBJC_IMPLICIT_RETAIN_SELF = YES;
				CLANG_WARN_OBJC_LITERAL_CONVERSION = YES;
				CLANG_WARN_OBJC_ROOT_CLASS = YES_ERROR;
				CLANG_WARN_QUOTED_INCLUDE_IN_FRAMEWORK_HEADER = YES;
				CLANG_WARN_RANGE_LOOP_ANALYSIS = YES;
				CLANG_WARN_STRICT_PROTOTYPES = YES;
				CLANG_WARN_SUSPICIOUS_MOVE = YES;
				CLANG_WARN_UNGUARDED_AVAILABILITY = YES_AGGRESSIVE;
				CLANG_WARN_UNREACHABLE_CODE = YES;
				CLANG_WARN__DUPLICATE_METHOD_MATCH = YES;
				COPY_PHASE_STRIP = NO;
				DEBUG_INFORMATION_FORMAT = "dwarf-with-dsym";
				ENABLE_NS_ASSERTIONS = NO;
				ENABLE_STRICT_OBJC_MSGSEND = YES;
				GCC_C_LANGUAGE_STANDARD = gnu11;
				GCC_NO_COMMON_BLOCKS = YES;
				GCC_WARN_64_TO_32_BIT_CONVERSION = YES;
				GCC_WARN_ABOUT_RETURN_TYPE = YES_ERROR;
				GCC_WARN_UNDECLARED_SELECTOR = YES;
				GCC_WARN_UNINITIALIZED_AUTOS = YES_AGGRESSIVE;
				GCC_WARN_UNUSED_FUNCTION = YES;
				GCC_WARN_UNUSED_VARIABLE = YES;
				IPHONEOS_DEPLOYMENT_TARGET = 16.4;
				MTL_ENABLE_DEBUG_INFO = NO;
				MTL_FAST_MATH = YES;
				SDKROOT = iphoneos;
				SWIFT_COMPILATION_MODE = wholemodule;
				SWIFT_OPTIMIZATION_LEVEL = "-O";
				VALIDATE_PRODUCT = YES;
			};
			name = Release;
		};
		6A6F79702A4998E500D48342 /* Debug */ = {
			isa = XCBuildConfiguration;
			buildSettings = {
				ASSETCATALOG_COMPILER_APPICON_NAME = AppIcon;
				ASSETCATALOG_COMPILER_GLOBAL_ACCENT_COLOR_NAME = AccentColor;
				CODE_SIGN_STYLE = Automatic;
				CURRENT_PROJECT_VERSION = 1;
				DEVELOPMENT_TEAM = J5RS3T7663;
				GENERATE_INFOPLIST_FILE = YES;
				INFOPLIST_FILE = "Lesson 2.06_AboutMeApp/Config/Info.plist";
				INFOPLIST_KEY_UIApplicationSupportsIndirectInputEvents = YES;
				INFOPLIST_KEY_UILaunchStoryboardName = LaunchScreen;
				INFOPLIST_KEY_UIMainStoryboardFile = Main;
				INFOPLIST_KEY_UISupportedInterfaceOrientations = UIInterfaceOrientationPortrait;
				INFOPLIST_KEY_UISupportedInterfaceOrientations_iPad = "UIInterfaceOrientationLandscapeLeft UIInterfaceOrientationLandscapeRight UIInterfaceOrientationPortrait UIInterfaceOrientationPortraitUpsideDown";
				LD_RUNPATH_SEARCH_PATHS = (
					"$(inherited)",
					"@executable_path/Frameworks",
				);
				MARKETING_VERSION = 1.0;
				PRODUCT_BUNDLE_IDENTIFIER = "me.iurii.kurinnoi.Lesson-2-06-AboutMeApp";
				PRODUCT_NAME = "$(TARGET_NAME)";
				SUPPORTED_PLATFORMS = "iphoneos iphonesimulator";
				SUPPORTS_MACCATALYST = NO;
				SUPPORTS_MAC_DESIGNED_FOR_IPHONE_IPAD = NO;
				SWIFT_EMIT_LOC_STRINGS = YES;
				SWIFT_VERSION = 5.0;
				TARGETED_DEVICE_FAMILY = 1;
			};
			name = Debug;
		};
		6A6F79712A4998E500D48342 /* Release */ = {
			isa = XCBuildConfiguration;
			buildSettings = {
				ASSETCATALOG_COMPILER_APPICON_NAME = AppIcon;
				ASSETCATALOG_COMPILER_GLOBAL_ACCENT_COLOR_NAME = AccentColor;
				CODE_SIGN_STYLE = Automatic;
				CURRENT_PROJECT_VERSION = 1;
				DEVELOPMENT_TEAM = J5RS3T7663;
				GENERATE_INFOPLIST_FILE = YES;
				INFOPLIST_FILE = "Lesson 2.06_AboutMeApp/Config/Info.plist";
				INFOPLIST_KEY_UIApplicationSupportsIndirectInputEvents = YES;
				INFOPLIST_KEY_UILaunchStoryboardName = LaunchScreen;
				INFOPLIST_KEY_UIMainStoryboardFile = Main;
				INFOPLIST_KEY_UISupportedInterfaceOrientations = UIInterfaceOrientationPortrait;
				INFOPLIST_KEY_UISupportedInterfaceOrientations_iPad = "UIInterfaceOrientationLandscapeLeft UIInterfaceOrientationLandscapeRight UIInterfaceOrientationPortrait UIInterfaceOrientationPortraitUpsideDown";
				LD_RUNPATH_SEARCH_PATHS = (
					"$(inherited)",
					"@executable_path/Frameworks",
				);
				MARKETING_VERSION = 1.0;
				PRODUCT_BUNDLE_IDENTIFIER = "me.iurii.kurinnoi.Lesson-2-06-AboutMeApp";
				PRODUCT_NAME = "$(TARGET_NAME)";
				SUPPORTED_PLATFORMS = "iphoneos iphonesimulator";
				SUPPORTS_MACCATALYST = NO;
				SUPPORTS_MAC_DESIGNED_FOR_IPHONE_IPAD = NO;
				SWIFT_EMIT_LOC_STRINGS = YES;
				SWIFT_VERSION = 5.0;
				TARGETED_DEVICE_FAMILY = 1;
			};
			name = Release;
		};
/* End XCBuildConfiguration section */

/* Begin XCConfigurationList section */
		6A6F79562A4998E300D48342 /* Build configuration list for PBXProject "Lesson 2.06_AboutMeApp" */ = {
			isa = XCConfigurationList;
			buildConfigurations = (
				6A6F796D2A4998E500D48342 /* Debug */,
				6A6F796E2A4998E500D48342 /* Release */,
			);
			defaultConfigurationIsVisible = 0;
			defaultConfigurationName = Release;
		};
		6A6F796F2A4998E500D48342 /* Build configuration list for PBXNativeTarget "Lesson 2.06_AboutMeApp" */ = {
			isa = XCConfigurationList;
			buildConfigurations = (
				6A6F79702A4998E500D48342 /* Debug */,
				6A6F79712A4998E500D48342 /* Release */,
			);
			defaultConfigurationIsVisible = 0;
			defaultConfigurationName = Release;
		};
/* End XCConfigurationList section */
	};
	rootObject = 6A6F79532A4998E300D48342 /* Project object */;
}
